{"_meta":{"file-type":"spack-lockfile","lockfile-version":5,"specfile-version":4},"spack":{"version":"0.21.1","type":"git","commit":"e30fedab102f9281a220fb4fae82e3f8c43a82ac"},"roots":[{"hash":"xhufzkzydanvhj4ddi5omr5gs2qmimrc","spec":"py-bed-reader"}],"concrete_specs":{"xhufzkzydanvhj4ddi5omr5gs2qmimrc":{"name":"py-bed-reader","version":"1.0.6a1","arch":{"platform":"linux","platform_os":"ubuntu22.04","target":{"name":"skylake_avx512","vendor":"GenuineIntel","features":["adx","aes","avx","avx2","avx512bw","avx512cd","avx512dq","avx512f","avx512vl","bmi1","bmi2","clflushopt","clwb","f16c","fma","mmx","movbe","pclmulqdq","popcnt","rdrand","rdseed","sse","sse2","sse4_1","sse4_2","ssse3","xsavec","xsaveopt"],"generation":0,"parents":["skylake","x86_64_v4"]}},"compiler":{"name":"gcc","version":"11.4.0"},"namespace":"dan.hgi","parameters":{"build_system":"python_uv","cflags":[],"cppflags":[],"cxxflags":[],"fflags":[],"ldflags":[],"ldlibs":[]},"package_hash":"brsqokaao3qff2fxohuiy3vlqam7a3j6vxk2rbfk4kn75o7aydfa====","dependencies":[{"name":"py-setuptools","hash":"vx4bqle2r6pi3tatxaybx5m7gpwu6w2f","parameters":{"deptypes":["build"],"virtuals":[]}},{"name":"py-wheel","hash":"d2e7kfci42y5g23zwt4yqsaaozwde3rl","parameters":{"deptypes":["build"],"virtuals":[]}},{"name":"python","hash":"pzmgmbjakik56s34iollc6bxahvoyezf","parameters":{"deptypes":["build","run"],"virtuals":[]}}],"hash":"xhufzkzydanvhj4ddi5omr5gs2qmimrc"},"vx4bqle2r6pi3tatxaybx5m7gpwu6w2f":{"name":"py-setuptools","version":"68.0.0","arch":{"platform":"linux","platform_os":"ubuntu22.04","target":{"name":"skylake_avx512","vendor":"GenuineIntel","features":["adx","aes","avx","avx2","avx512bw","avx512cd","avx512dq","avx512f","avx512vl","bmi1","bmi2","clflushopt","clwb","f16c","fma","mmx","movbe","pclmulqdq","popcnt","rdrand","rdseed","sse","sse2","sse4_1","sse4_2","ssse3","xsavec","xsaveopt"],"generation":0,"parents":["skylake","x86_64_v4"]}},"compiler":{"name":"gcc","version":"11.4.0"},"namespace":"builtin","parameters":{"build_system":"generic","cflags":[],"cppflags":[],"cxxflags":[],"fflags":[],"ldflags":[],"ldlibs":[]},"package_hash":"ql4rudyxfe2xrjb32nom5wj4log3ciu3idbw4vgxzy7nnkpgi5vq====","dependencies":[{"name":"py-pip","hash":"r4gfmp242w6gksdwxg7lj6oof4iiylia","parameters":{"deptypes":["build"],"virtuals":[]}},{"name":"python","hash":"pzmgmbjakik56s34iollc6bxahvoyezf","parameters":{"deptypes":["build","run"],"virtuals":[]}}],"hash":"vx4bqle2r6pi3tatxaybx5m7gpwu6w2f"},"r4gfmp242w6gksdwxg7lj6oof4iiylia":{"name":"py-pip","version":"23.1.2","arch":{"platform":"linux","platform_os":"ubuntu22.04","target":{"name":"skylake_avx512","vendor":"GenuineIntel","features":["adx","aes","avx","avx2","avx512bw","avx512cd","avx512dq","avx512f","avx512vl","bmi1","bmi2","clflushopt","clwb","f16c","fma","mmx","movbe","pclmulqdq","popcnt","rdrand","rdseed","sse","sse2","sse4_1","sse4_2","ssse3","xsavec","xsaveopt"],"generation":0,"parents":["skylake","x86_64_v4"]}},"compiler":{"name":"gcc","version":"11.4.0"},"namespace":"builtin","parameters":{"build_system":"generic","cflags":[],"cppflags":[],"cxxflags":[],"fflags":[],"ldflags":[],"ldlibs":[]},"package_hash":"yhlvkqnbszlb4n3psbx74byi4dkceehaezb3yweqrxrxs5ooifaq====","dependencies":[{"name":"python","hash":"pzmgmbjakik56s34iollc6bxahvoyezf","parameters":{"deptypes":["build","run"],"virtuals":[]}}],"hash":"r4gfmp242w6gksdwxg7lj6oof4iiylia"},"pzmgmbjakik56s34iollc6bxahvoyezf":{"name":"python","version":"3.10.10","arch":{"platform":"linux","platform_os":"ubuntu22.04","target":{"name":"skylake_avx512","vendor":"GenuineIntel","features":["adx","aes","avx","avx2","avx512bw","avx512cd","avx512dq","avx512f","avx512vl","bmi1","bmi2","clflushopt","clwb","f16c","fma","mmx","movbe","pclmulqdq","popcnt","rdrand","rdseed","sse","sse2","sse4_1","sse4_2","ssse3","xsavec","xsaveopt"],"generation":0,"parents":["skylake","x86_64_v4"]}},"compiler":{"name":"gcc","version":"11.4.0"},"namespace":"builtin","parameters":{"build_system":"generic","bz2":true,"crypt":true,"ctypes":true,"dbm":true,"debug":false,"libxml2":true,"lzma":true,"nis":false,"optimizations":false,"patches":["0d98e93189bc278fbc37a50ed7f183bd8aaf249a8e1670a465f0db6bb4f8cf87","7d4092366f2e9c19ba85132402e70eb96cac94fdda6a33810c2a980a129c7a22","ebdca648c9c1d25f586d7e2a495b62e6d91973b55264a13d89eda1beff72ef56","f2fd060afc4b4618fe8104c4c5d771f36dc55b1db5a4623785a4ea707ec72fb4"],"pic":true,"pyexpat":true,"pythoncmd":true,"readline":true,"shared":true,"sqlite3":true,"ssl":true,"tkinter":false,"uuid":true,"zlib":true,"cflags":[],"cppflags":[],"cxxflags":[],"fflags":[],"ldflags":[],"ldlibs":[]},"external":{"path":"/usr","module":null,"extra_attributes":{}},"patches":["0d98e93189bc278fbc37a50ed7f183bd8aaf249a8e1670a465f0db6bb4f8cf87","f2fd060afc4b4618fe8104c4c5d771f36dc55b1db5a4623785a4ea707ec72fb4","7d4092366f2e9c19ba85132402e70eb96cac94fdda6a33810c2a980a129c7a22","ebdca648c9c1d25f586d7e2a495b62e6d91973b55264a13d89eda1beff72ef56"],"package_hash":"z4vlt24lf3fiw7bkkycslk6wyr2pxy2rnz52an6zefwi42bmze7a====","hash":"pzmgmbjakik56s34iollc6bxahvoyezf"},"d2e7kfci42y5g23zwt4yqsaaozwde3rl":{"name":"py-wheel","version":"0.41.2","arch":{"platform":"linux","platform_os":"ubuntu22.04","target":{"name":"skylake_avx512","vendor":"GenuineIntel","features":["adx","aes","avx","avx2","avx512bw","avx512cd","avx512dq","avx512f","avx512vl","bmi1","bmi2","clflushopt","clwb","f16c","fma","mmx","movbe","pclmulqdq","popcnt","rdrand","rdseed","sse","sse2","sse4_1","sse4_2","ssse3","xsavec","xsaveopt"],"generation":0,"parents":["skylake","x86_64_v4"]}},"compiler":{"name":"gcc","version":"11.4.0"},"namespace":"builtin","parameters":{"build_system":"generic","cflags":[],"cppflags":[],"cxxflags":[],"fflags":[],"ldflags":[],"ldlibs":[]},"package_hash":"ncf2pyddei7m3bjcwoikx6my3sgsp7srmocchgp5i2i3npfbr2aa====","dependencies":[{"name":"py-pip","hash":"r4gfmp242w6gksdwxg7lj6oof4iiylia","parameters":{"deptypes":["build"],"virtuals":[]}},{"name":"python","hash":"pzmgmbjakik56s34iollc6bxahvoyezf","parameters":{"deptypes":["build","run"],"virtuals":[]}}],"hash":"d2e7kfci42y5g23zwt4yqsaaozwde3rl"}}}